
Microsoft Visual Studio Solution File, Format Version 12.00
# Visual Studio Version 17
VisualStudioVersion = 17.6.33723.286
MinimumVisualStudioVersion = 10.0.40219.1
Project("{9A19103F-16F7-4668-BE54-9A1E7A4F7556}") = "PhotoStore", "PhotoStore\PhotoStore.csproj", "{2AB7C6AE-A5C7-4437-BCAD-9DF1F211230E}"
EndProject
Global
	GlobalSection(SolutionConfigurationPlatforms) = preSolution
		Debug|Any CPU = Debug|Any CPU
		Release|Any CPU = Release|Any CPU
	EndGlobalSection
	GlobalSection(ProjectConfigurationPlatforms) = postSolution
		{2AB7C6AE-A5C7-4437-BCAD-9DF1F211230E}.Debug|Any CPU.ActiveCfg = Debug|Any CPU
		{2AB7C6AE-A5C7-4437-BCAD-9DF1F211230E}.Debug|Any CPU.Build.0 = Debug|Any CPU
		{2AB7C6AE-A5C7-4437-BCAD-9DF1F211230E}.Release|Any CPU.ActiveCfg = Release|Any CPU
		{2AB7C6AE-A5C7-4437-BCAD-9DF1F211230E}.Release|Any CPU.Build.0 = Release|Any CPU
	EndGlobalSection
	GlobalSection(SolutionProperties) = preSolution
		HideSolutionNode = FALSE
	EndGlobalSection
	GlobalSection(ExtensibilityGlobals) = postSolution
		SolutionGuid = {2BA25A0D-9220-4308-9702-3CFB0B6200EB}
	EndGlobalSection
EndGlobal
